
Microsoft Visual Studio Solution File, Format Version 12.00
# Visual Studio 14
VisualStudioVersion = 14.0.25420.1
MinimumVisualStudioVersion = 10.0.40219.1
Project("{2150E333-8FDC-42A3-9474-1A3956D46DE8}") = "60 - Demo", "60 - Demo", "{53B49C1D-FD29-40BA-8F4B-D77A826063FA}"
EndProject
Project("{2150E333-8FDC-42A3-9474-1A3956D46DE8}") = "10 - Framework", "10 - Framework", "{8B312FAD-B957-4CAA-ADED-49A1B70DB492}"
EndProject
Project("{2150E333-8FDC-42A3-9474-1A3956D46DE8}") = "30 - Documents", "30 - Documents", "{9C466667-10CC-457D-A2F0-659733BD4FE2}"
	ProjectSection(SolutionItems) = preProject
		Documents\EF 约定配置.txt = Documents\EF 约定配置.txt
		Documents\常用地址.txt = Documents\常用地址.txt
	EndProjectSection
EndProject
Project("{FAE04EC0-301F-11D3-BF4B-00C04F79EFBC}") = "NFlex", "Framework\NFlex\NFlex.csproj", "{AF994E89-E181-4434-90DF-56E52B7838D1}"
EndProject
Project("{FAE04EC0-301F-11D3-BF4B-00C04F79EFBC}") = "NFlex.Core", "Framework\NFlex.Core\NFlex.Core.csproj", "{E984558B-EBB5-4FC4-86BD-A1F950D4A129}"
EndProject
Project("{FAE04EC0-301F-11D3-BF4B-00C04F79EFBC}") = "NFlex.Data.EF", "Framework\NFlex.Data.EF\NFlex.Data.EF.csproj", "{A2DC19C4-BB7C-4738-816A-BE2ACAFFF3D6}"
EndProject
Project("{FAE04EC0-301F-11D3-BF4B-00C04F79EFBC}") = "NFlex.Logging.Log4Net", "Framework\NFlex.Logging.Log4Net\NFlex.Logging.Log4Net.csproj", "{E9D6C1E9-FADB-40F5-8799-851B127BDEB2}"
EndProject
Project("{2150E333-8FDC-42A3-9474-1A3956D46DE8}") = "20 - Opens", "20 - Opens", "{9F4028DE-0363-46B9-84D2-402253232361}"
EndProject
Project("{FAE04EC0-301F-11D3-BF4B-00C04F79EFBC}") = "NFlex.Opens.Weixin", "Opens\Apeo.Opens.WeChat\NFlex.Opens.Weixin.csproj", "{C792D3B0-94F2-42A1-B6F8-5371C7EAF05F}"
EndProject
Project("{FAE04EC0-301F-11D3-BF4B-00C04F79EFBC}") = "Demo.Web", "Demo\Demo.Web\Demo.Web.csproj", "{0DEABC95-9893-4C20-9871-9B29A250288C}"
EndProject
Project("{FAE04EC0-301F-11D3-BF4B-00C04F79EFBC}") = "Demo.Infrastructure", "Demo\Demo.Infrastructure\Demo.Infrastructure.csproj", "{55C61798-47C8-4365-AC22-462F023A33B3}"
EndProject
Project("{FAE04EC0-301F-11D3-BF4B-00C04F79EFBC}") = "Demo.Service", "Demo\Demo.Service\Demo.Service.csproj", "{BDF9485B-35C9-42B3-9991-A1E2D0F38AB3}"
EndProject
Project("{FAE04EC0-301F-11D3-BF4B-00C04F79EFBC}") = "Demo.Domain", "Demo\Demo.Domain\Demo.Domain.csproj", "{C2052C42-47C0-46B3-9804-BE9294F38DE9}"
EndProject
Project("{2150E333-8FDC-42A3-9474-1A3956D46DE8}") = "50 - Tests", "50 - Tests", "{4F9F9167-6614-487C-A0F2-7CCB90373A90}"
EndProject
Project("{FAE04EC0-301F-11D3-BF4B-00C04F79EFBC}") = "NFlex.Web.Mvc", "Framework\NFlex.Web.Mvc\NFlex.Web.Mvc.csproj", "{63391C94-BCB2-4DCF-B2F5-DAAB2AC6E63A}"
EndProject
Project("{FAE04EC0-301F-11D3-BF4B-00C04F79EFBC}") = "NFlex.Web.Api", "Framework\NFlex.Web.Api\NFlex.Web.Api.csproj", "{942C1AE2-6A4F-4F0A-8CD2-6240A5A3AF6D}"
EndProject
Project("{FAE04EC0-301F-11D3-BF4B-00C04F79EFBC}") = "NFlex.Test", "Tests\NFlex.Test\NFlex.Test.csproj", "{095B5D79-FE4B-468C-A3B7-DBC7C606BA80}"
EndProject
Project("{FAE04EC0-301F-11D3-BF4B-00C04F79EFBC}") = "Demo.WechatManagement", "Demo\Demo.WechatManagement\Demo.WechatManagement.csproj", "{ECE0F710-7F97-4C66-BDA8-44EC481788EC}"
EndProject
Project("{2150E333-8FDC-42A3-9474-1A3956D46DE8}") = "Log4Net配置文件", "Log4Net配置文件", "{36DAA00D-27DC-43F9-B19C-46F7E3C6E1D4}"
	ProjectSection(SolutionItems) = preProject
		Documents\Log4Net配置文件\log4net_单文件.xml = Documents\Log4Net配置文件\log4net_单文件.xml
		Documents\Log4Net配置文件\log4net_多文件.xml = Documents\Log4Net配置文件\log4net_多文件.xml
	EndProjectSection
EndProject
Project("{FAE04EC0-301F-11D3-BF4B-00C04F79EFBC}") = "NFlex.AutoMapper", "Framework\NFlex.AutoMapper\NFlex.AutoMapper.csproj", "{46D3EB0D-528D-454F-A8E5-D74EE13AE1BC}"
EndProject
Project("{2150E333-8FDC-42A3-9474-1A3956D46DE8}") = "40 - CodeGenerator", "40 - CodeGenerator", "{F17D7731-6D09-4FB1-8005-5F76D22750EC}"
EndProject
Project("{FAE04EC0-301F-11D3-BF4B-00C04F79EFBC}") = "CodeGenerator", "CodeGenerator\CodeGenerator\CodeGenerator.csproj", "{BE60C339-4159-409F-BD93-A08490FB8F3A}"
EndProject
Project("{2150E333-8FDC-42A3-9474-1A3956D46DE8}") = "Templates", "Templates", "{630BAF3A-586E-432D-A186-3B4F46292009}"
EndProject
Project("{2150E333-8FDC-42A3-9474-1A3956D46DE8}") = "NFlexDemo", "NFlexDemo", "{00B28F6E-0BBF-4521-B2C9-B54AAEF86A92}"
	ProjectSection(SolutionItems) = preProject
		CodeGenerator\Templates\NFlexDemo\DbContext.cshtml = CodeGenerator\Templates\NFlexDemo\DbContext.cshtml
		CodeGenerator\Templates\NFlexDemo\Entity.cshtml = CodeGenerator\Templates\NFlexDemo\Entity.cshtml
		CodeGenerator\Templates\NFlexDemo\IRepository.cshtml = CodeGenerator\Templates\NFlexDemo\IRepository.cshtml
		CodeGenerator\Templates\NFlexDemo\Map.cshtml = CodeGenerator\Templates\NFlexDemo\Map.cshtml
		CodeGenerator\Templates\NFlexDemo\Repository.cshtml = CodeGenerator\Templates\NFlexDemo\Repository.cshtml
	EndProjectSection
EndProject
Project("{FAE04EC0-301F-11D3-BF4B-00C04F79EFBC}") = "NFlex.QRCode", "Framework\NFlex.QRCode\NFlex.QRCode.csproj", "{09D7DC66-5C30-437D-9B07-A5FD25636CB4}"
EndProject
Project("{FAE04EC0-301F-11D3-BF4B-00C04F79EFBC}") = "NFlex.Caching.Redis", "Framework\NFlex.Caching.Redis\NFlex.Caching.Redis.csproj", "{C75C2799-98E1-43E6-ABD6-DFCDDB299F32}"
EndProject
Project("{FAE04EC0-301F-11D3-BF4B-00C04F79EFBC}") = "NFlex.Sms", "Framework\NFlex.Sms\NFlex.Sms.csproj", "{704CA43E-2A75-47CC-A08E-04B64A4BC54C}"
EndProject
Project("{FAE04EC0-301F-11D3-BF4B-00C04F79EFBC}") = "NFlex.Payment", "Framework\NFlex.Payment\NFlex.Payment.csproj", "{5779DA24-F85A-4DBF-9E57-E34D4E917124}"
EndProject
Project("{FAE04EC0-301F-11D3-BF4B-00C04F79EFBC}") = "Demo.Web.SignalR", "Demo\Demo.Web.SignalR\Demo.Web.SignalR.csproj", "{23E01662-BAF4-44B8-9AD8-D455CCF857B5}"
EndProject
Project("{FAE04EC0-301F-11D3-BF4B-00C04F79EFBC}") = "NFlex.Opens.Weixin.Test", "Tests\NFlex.Opens.Weixin.Test\NFlex.Opens.Weixin.Test.csproj", "{575BA725-4E84-43C3-90C2-72AC9B0284C8}"
EndProject
Global
	GlobalSection(SolutionConfigurationPlatforms) = preSolution
		Debug|Any CPU = Debug|Any CPU
		Release|Any CPU = Release|Any CPU
	EndGlobalSection
	GlobalSection(ProjectConfigurationPlatforms) = postSolution
		{AF994E89-E181-4434-90DF-56E52B7838D1}.Debug|Any CPU.ActiveCfg = Debug|Any CPU
		{AF994E89-E181-4434-90DF-56E52B7838D1}.Debug|Any CPU.Build.0 = Debug|Any CPU
		{AF994E89-E181-4434-90DF-56E52B7838D1}.Release|Any CPU.ActiveCfg = Release|Any CPU
		{AF994E89-E181-4434-90DF-56E52B7838D1}.Release|Any CPU.Build.0 = Release|Any CPU
		{E984558B-EBB5-4FC4-86BD-A1F950D4A129}.Debug|Any CPU.ActiveCfg = Debug|Any CPU
		{E984558B-EBB5-4FC4-86BD-A1F950D4A129}.Debug|Any CPU.Build.0 = Debug|Any CPU
		{E984558B-EBB5-4FC4-86BD-A1F950D4A129}.Release|Any CPU.ActiveCfg = Release|Any CPU
		{E984558B-EBB5-4FC4-86BD-A1F950D4A129}.Release|Any CPU.Build.0 = Release|Any CPU
		{A2DC19C4-BB7C-4738-816A-BE2ACAFFF3D6}.Debug|Any CPU.ActiveCfg = Debug|Any CPU
		{A2DC19C4-BB7C-4738-816A-BE2ACAFFF3D6}.Debug|Any CPU.Build.0 = Debug|Any CPU
		{A2DC19C4-BB7C-4738-816A-BE2ACAFFF3D6}.Release|Any CPU.ActiveCfg = Release|Any CPU
		{A2DC19C4-BB7C-4738-816A-BE2ACAFFF3D6}.Release|Any CPU.Build.0 = Release|Any CPU
		{E9D6C1E9-FADB-40F5-8799-851B127BDEB2}.Debug|Any CPU.ActiveCfg = Debug|Any CPU
		{E9D6C1E9-FADB-40F5-8799-851B127BDEB2}.Debug|Any CPU.Build.0 = Debug|Any CPU
		{E9D6C1E9-FADB-40F5-8799-851B127BDEB2}.Release|Any CPU.ActiveCfg = Release|Any CPU
		{E9D6C1E9-FADB-40F5-8799-851B127BDEB2}.Release|Any CPU.Build.0 = Release|Any CPU
		{C792D3B0-94F2-42A1-B6F8-5371C7EAF05F}.Debug|Any CPU.ActiveCfg = Debug|Any CPU
		{C792D3B0-94F2-42A1-B6F8-5371C7EAF05F}.Debug|Any CPU.Build.0 = Debug|Any CPU
		{C792D3B0-94F2-42A1-B6F8-5371C7EAF05F}.Release|Any CPU.ActiveCfg = Release|Any CPU
		{C792D3B0-94F2-42A1-B6F8-5371C7EAF05F}.Release|Any CPU.Build.0 = Release|Any CPU
		{0DEABC95-9893-4C20-9871-9B29A250288C}.Debug|Any CPU.ActiveCfg = Debug|Any CPU
		{0DEABC95-9893-4C20-9871-9B29A250288C}.Debug|Any CPU.Build.0 = Debug|Any CPU
		{0DEABC95-9893-4C20-9871-9B29A250288C}.Release|Any CPU.ActiveCfg = Release|Any CPU
		{0DEABC95-9893-4C20-9871-9B29A250288C}.Release|Any CPU.Build.0 = Release|Any CPU
		{55C61798-47C8-4365-AC22-462F023A33B3}.Debug|Any CPU.ActiveCfg = Debug|Any CPU
		{55C61798-47C8-4365-AC22-462F023A33B3}.Debug|Any CPU.Build.0 = Debug|Any CPU
		{55C61798-47C8-4365-AC22-462F023A33B3}.Release|Any CPU.ActiveCfg = Release|Any CPU
		{55C61798-47C8-4365-AC22-462F023A33B3}.Release|Any CPU.Build.0 = Release|Any CPU
		{BDF9485B-35C9-42B3-9991-A1E2D0F38AB3}.Debug|Any CPU.ActiveCfg = Debug|Any CPU
		{BDF9485B-35C9-42B3-9991-A1E2D0F38AB3}.Debug|Any CPU.Build.0 = Debug|Any CPU
		{BDF9485B-35C9-42B3-9991-A1E2D0F38AB3}.Release|Any CPU.ActiveCfg = Release|Any CPU
		{BDF9485B-35C9-42B3-9991-A1E2D0F38AB3}.Release|Any CPU.Build.0 = Release|Any CPU
		{C2052C42-47C0-46B3-9804-BE9294F38DE9}.Debug|Any CPU.ActiveCfg = Debug|Any CPU
		{C2052C42-47C0-46B3-9804-BE9294F38DE9}.Debug|Any CPU.Build.0 = Debug|Any CPU
		{C2052C42-47C0-46B3-9804-BE9294F38DE9}.Release|Any CPU.ActiveCfg = Release|Any CPU
		{C2052C42-47C0-46B3-9804-BE9294F38DE9}.Release|Any CPU.Build.0 = Release|Any CPU
		{63391C94-BCB2-4DCF-B2F5-DAAB2AC6E63A}.Debug|Any CPU.ActiveCfg = Debug|Any CPU
		{63391C94-BCB2-4DCF-B2F5-DAAB2AC6E63A}.Debug|Any CPU.Build.0 = Debug|Any CPU
		{63391C94-BCB2-4DCF-B2F5-DAAB2AC6E63A}.Release|Any CPU.ActiveCfg = Release|Any CPU
		{63391C94-BCB2-4DCF-B2F5-DAAB2AC6E63A}.Release|Any CPU.Build.0 = Release|Any CPU
		{942C1AE2-6A4F-4F0A-8CD2-6240A5A3AF6D}.Debug|Any CPU.ActiveCfg = Debug|Any CPU
		{942C1AE2-6A4F-4F0A-8CD2-6240A5A3AF6D}.Debug|Any CPU.Build.0 = Debug|Any CPU
		{942C1AE2-6A4F-4F0A-8CD2-6240A5A3AF6D}.Release|Any CPU.ActiveCfg = Release|Any CPU
		{942C1AE2-6A4F-4F0A-8CD2-6240A5A3AF6D}.Release|Any CPU.Build.0 = Release|Any CPU
		{095B5D79-FE4B-468C-A3B7-DBC7C606BA80}.Debug|Any CPU.ActiveCfg = Debug|Any CPU
		{095B5D79-FE4B-468C-A3B7-DBC7C606BA80}.Debug|Any CPU.Build.0 = Debug|Any CPU
		{095B5D79-FE4B-468C-A3B7-DBC7C606BA80}.Release|Any CPU.ActiveCfg = Release|Any CPU
		{095B5D79-FE4B-468C-A3B7-DBC7C606BA80}.Release|Any CPU.Build.0 = Release|Any CPU
		{ECE0F710-7F97-4C66-BDA8-44EC481788EC}.Debug|Any CPU.ActiveCfg = Debug|Any CPU
		{ECE0F710-7F97-4C66-BDA8-44EC481788EC}.Debug|Any CPU.Build.0 = Debug|Any CPU
		{ECE0F710-7F97-4C66-BDA8-44EC481788EC}.Release|Any CPU.ActiveCfg = Release|Any CPU
		{ECE0F710-7F97-4C66-BDA8-44EC481788EC}.Release|Any CPU.Build.0 = Release|Any CPU
		{46D3EB0D-528D-454F-A8E5-D74EE13AE1BC}.Debug|Any CPU.ActiveCfg = Debug|Any CPU
		{46D3EB0D-528D-454F-A8E5-D74EE13AE1BC}.Debug|Any CPU.Build.0 = Debug|Any CPU
		{46D3EB0D-528D-454F-A8E5-D74EE13AE1BC}.Release|Any CPU.ActiveCfg = Release|Any CPU
		{46D3EB0D-528D-454F-A8E5-D74EE13AE1BC}.Release|Any CPU.Build.0 = Release|Any CPU
		{BE60C339-4159-409F-BD93-A08490FB8F3A}.Debug|Any CPU.ActiveCfg = Debug|Any CPU
		{BE60C339-4159-409F-BD93-A08490FB8F3A}.Debug|Any CPU.Build.0 = Debug|Any CPU
		{BE60C339-4159-409F-BD93-A08490FB8F3A}.Release|Any CPU.ActiveCfg = Release|Any CPU
		{BE60C339-4159-409F-BD93-A08490FB8F3A}.Release|Any CPU.Build.0 = Release|Any CPU
		{09D7DC66-5C30-437D-9B07-A5FD25636CB4}.Debug|Any CPU.ActiveCfg = Debug|Any CPU
		{09D7DC66-5C30-437D-9B07-A5FD25636CB4}.Debug|Any CPU.Build.0 = Debug|Any CPU
		{09D7DC66-5C30-437D-9B07-A5FD25636CB4}.Release|Any CPU.ActiveCfg = Release|Any CPU
		{09D7DC66-5C30-437D-9B07-A5FD25636CB4}.Release|Any CPU.Build.0 = Release|Any CPU
		{C75C2799-98E1-43E6-ABD6-DFCDDB299F32}.Debug|Any CPU.ActiveCfg = Debug|Any CPU
		{C75C2799-98E1-43E6-ABD6-DFCDDB299F32}.Debug|Any CPU.Build.0 = Debug|Any CPU
		{C75C2799-98E1-43E6-ABD6-DFCDDB299F32}.Release|Any CPU.ActiveCfg = Release|Any CPU
		{C75C2799-98E1-43E6-ABD6-DFCDDB299F32}.Release|Any CPU.Build.0 = Release|Any CPU
		{704CA43E-2A75-47CC-A08E-04B64A4BC54C}.Debug|Any CPU.ActiveCfg = Debug|Any CPU
		{704CA43E-2A75-47CC-A08E-04B64A4BC54C}.Debug|Any CPU.Build.0 = Debug|Any CPU
		{704CA43E-2A75-47CC-A08E-04B64A4BC54C}.Release|Any CPU.ActiveCfg = Release|Any CPU
		{704CA43E-2A75-47CC-A08E-04B64A4BC54C}.Release|Any CPU.Build.0 = Release|Any CPU
		{5779DA24-F85A-4DBF-9E57-E34D4E917124}.Debug|Any CPU.ActiveCfg = Debug|Any CPU
		{5779DA24-F85A-4DBF-9E57-E34D4E917124}.Debug|Any CPU.Build.0 = Debug|Any CPU
		{5779DA24-F85A-4DBF-9E57-E34D4E917124}.Release|Any CPU.ActiveCfg = Release|Any CPU
		{5779DA24-F85A-4DBF-9E57-E34D4E917124}.Release|Any CPU.Build.0 = Release|Any CPU
		{23E01662-BAF4-44B8-9AD8-D455CCF857B5}.Debug|Any CPU.ActiveCfg = Debug|Any CPU
		{23E01662-BAF4-44B8-9AD8-D455CCF857B5}.Debug|Any CPU.Build.0 = Debug|Any CPU
		{23E01662-BAF4-44B8-9AD8-D455CCF857B5}.Release|Any CPU.ActiveCfg = Release|Any CPU
		{23E01662-BAF4-44B8-9AD8-D455CCF857B5}.Release|Any CPU.Build.0 = Release|Any CPU
		{575BA725-4E84-43C3-90C2-72AC9B0284C8}.Debug|Any CPU.ActiveCfg = Debug|Any CPU
		{575BA725-4E84-43C3-90C2-72AC9B0284C8}.Debug|Any CPU.Build.0 = Debug|Any CPU
		{575BA725-4E84-43C3-90C2-72AC9B0284C8}.Release|Any CPU.ActiveCfg = Release|Any CPU
		{575BA725-4E84-43C3-90C2-72AC9B0284C8}.Release|Any CPU.Build.0 = Release|Any CPU
	EndGlobalSection
	GlobalSection(SolutionProperties) = preSolution
		HideSolutionNode = FALSE
	EndGlobalSection
	GlobalSection(NestedProjects) = preSolution
		{AF994E89-E181-4434-90DF-56E52B7838D1} = {8B312FAD-B957-4CAA-ADED-49A1B70DB492}
		{E984558B-EBB5-4FC4-86BD-A1F950D4A129} = {8B312FAD-B957-4CAA-ADED-49A1B70DB492}
		{A2DC19C4-BB7C-4738-816A-BE2ACAFFF3D6} = {8B312FAD-B957-4CAA-ADED-49A1B70DB492}
		{E9D6C1E9-FADB-40F5-8799-851B127BDEB2} = {8B312FAD-B957-4CAA-ADED-49A1B70DB492}
		{C792D3B0-94F2-42A1-B6F8-5371C7EAF05F} = {9F4028DE-0363-46B9-84D2-402253232361}
		{0DEABC95-9893-4C20-9871-9B29A250288C} = {53B49C1D-FD29-40BA-8F4B-D77A826063FA}
		{55C61798-47C8-4365-AC22-462F023A33B3} = {53B49C1D-FD29-40BA-8F4B-D77A826063FA}
		{BDF9485B-35C9-42B3-9991-A1E2D0F38AB3} = {53B49C1D-FD29-40BA-8F4B-D77A826063FA}
		{C2052C42-47C0-46B3-9804-BE9294F38DE9} = {53B49C1D-FD29-40BA-8F4B-D77A826063FA}
		{63391C94-BCB2-4DCF-B2F5-DAAB2AC6E63A} = {8B312FAD-B957-4CAA-ADED-49A1B70DB492}
		{942C1AE2-6A4F-4F0A-8CD2-6240A5A3AF6D} = {8B312FAD-B957-4CAA-ADED-49A1B70DB492}
		{095B5D79-FE4B-468C-A3B7-DBC7C606BA80} = {4F9F9167-6614-487C-A0F2-7CCB90373A90}
		{ECE0F710-7F97-4C66-BDA8-44EC481788EC} = {53B49C1D-FD29-40BA-8F4B-D77A826063FA}
		{36DAA00D-27DC-43F9-B19C-46F7E3C6E1D4} = {9C466667-10CC-457D-A2F0-659733BD4FE2}
		{46D3EB0D-528D-454F-A8E5-D74EE13AE1BC} = {8B312FAD-B957-4CAA-ADED-49A1B70DB492}
		{BE60C339-4159-409F-BD93-A08490FB8F3A} = {F17D7731-6D09-4FB1-8005-5F76D22750EC}
		{630BAF3A-586E-432D-A186-3B4F46292009} = {F17D7731-6D09-4FB1-8005-5F76D22750EC}
		{00B28F6E-0BBF-4521-B2C9-B54AAEF86A92} = {630BAF3A-586E-432D-A186-3B4F46292009}
		{09D7DC66-5C30-437D-9B07-A5FD25636CB4} = {8B312FAD-B957-4CAA-ADED-49A1B70DB492}
		{C75C2799-98E1-43E6-ABD6-DFCDDB299F32} = {8B312FAD-B957-4CAA-ADED-49A1B70DB492}
		{704CA43E-2A75-47CC-A08E-04B64A4BC54C} = {8B312FAD-B957-4CAA-ADED-49A1B70DB492}
		{5779DA24-F85A-4DBF-9E57-E34D4E917124} = {8B312FAD-B957-4CAA-ADED-49A1B70DB492}
		{23E01662-BAF4-44B8-9AD8-D455CCF857B5} = {53B49C1D-FD29-40BA-8F4B-D77A826063FA}
		{575BA725-4E84-43C3-90C2-72AC9B0284C8} = {4F9F9167-6614-487C-A0F2-7CCB90373A90}
	EndGlobalSection
EndGlobal
